
Microsoft Visual Studio Solution File, Format Version 12.00
# Visual Studio Version 17
VisualStudioVersion = 17.0.31903.59
MinimumVisualStudioVersion = 10.0.40219.1
Project("{2150E333-8FDC-42A3-9474-1A3956D46DE8}") = "src", "src", "{3C149DA6-019D-4DA0-B912-3B903A59E41D}"
EndProject
Project("{FAE04EC0-301F-11D3-BF4B-00C04F79EFBC}") = "Bis.Admin.Api", "src\api\Bis.Admin.Api.csproj", "{16DD57F8-1E46-41EF-9DB4-2EEBE56578F5}"
EndProject
Project("{2150E333-8FDC-42A3-9474-1A3956D46DE8}") = "tests", "tests", "{04837346-5C78-429A-A777-49E7753B7253}"
EndProject
Project("{FAE04EC0-301F-11D3-BF4B-00C04F79EFBC}") = "Bis.Admin.Api.Tests", "tests\Bis.Admin.Api.Tests\Bis.Admin.Api.Tests.csproj", "{18146F49-9445-4DF4-94C3-522546A73C03}"
EndProject
Global
	GlobalSection(SolutionConfigurationPlatforms) = preSolution
		Debug|Any CPU = Debug|Any CPU
		Release|Any CPU = Release|Any CPU
	EndGlobalSection
	GlobalSection(SolutionProperties) = preSolution
		HideSolutionNode = FALSE
	EndGlobalSection
	GlobalSection(ProjectConfigurationPlatforms) = postSolution
		{16DD57F8-1E46-41EF-9DB4-2EEBE56578F5}.Debug|Any CPU.ActiveCfg = Debug|Any CPU
		{16DD57F8-1E46-41EF-9DB4-2EEBE56578F5}.Debug|Any CPU.Build.0 = Debug|Any CPU
		{16DD57F8-1E46-41EF-9DB4-2EEBE56578F5}.Release|Any CPU.ActiveCfg = Release|Any CPU
		{16DD57F8-1E46-41EF-9DB4-2EEBE56578F5}.Release|Any CPU.Build.0 = Release|Any CPU
		{18146F49-9445-4DF4-94C3-522546A73C03}.Debug|Any CPU.ActiveCfg = Debug|Any CPU
		{18146F49-9445-4DF4-94C3-522546A73C03}.Debug|Any CPU.Build.0 = Debug|Any CPU
		{18146F49-9445-4DF4-94C3-522546A73C03}.Release|Any CPU.ActiveCfg = Release|Any CPU
		{18146F49-9445-4DF4-94C3-522546A73C03}.Release|Any CPU.Build.0 = Release|Any CPU
	EndGlobalSection
	GlobalSection(NestedProjects) = preSolution
		{16DD57F8-1E46-41EF-9DB4-2EEBE56578F5} = {3C149DA6-019D-4DA0-B912-3B903A59E41D}
		{18146F49-9445-4DF4-94C3-522546A73C03} = {04837346-5C78-429A-A777-49E7753B7253}
	EndGlobalSection
EndGlobal
